github.com/plainkit/blox v0.5.0 h1:BfjoUlpf8rp7Ql7gyKGP8cAXMt9gRXD0GcuWrkBQfjE=
github.com/plainkit/blox v0.5.0/go.mod h1:jtnshfjOcQv7R+vyrj0jOrxLndUlQACW1R3DnNp9Mp8=
github.com/plainkit/icons v0.7.0 h1:La8ngcT3LcmfGpQvNAdsZNF6WiH2IaYxGzt+ILqdiJc=
github.com/plainkit/icons v0.7.0/go.mod h1:2awIehvZ6EZ53yoVtJkmELBmKuXX+ds7xNrG/AU826Y=
